{
  "requires": true,
  "lockfileVersion": 1,
  "dependencies": {
    "@types/ramda": {
      "version": "github:types/npm-ramda#d6789f0232e187b8b318ef4b4fb5da6583609453"
    },
    "ramda": {
      "version": "0.25.0",
      "resolved": "https://registry.npmjs.org/ramda/-/ramda-0.25.0.tgz",
      "integrity": "sha512-GXpfrYVPwx3K7RQ6aYT8KPS8XViSXUVJT1ONhoKPE9VAleW42YE+U+8VEyGWt41EnEQW7gwecYJriTI0pKoecQ=="
    }
  }
}
